// !$*UTF8*$!
{
	archiveVersion = 1;
	classes = {
	};
	objectVersion = 48;
	objects = {

/* Begin PBXBuildFile section */
		0C108BD2203704CC00B0E896 /* AboutUsViewController.swift in Sources */ = {isa = PBXBuildFile; fileRef = 0C108BD1203704CC00B0E896 /* AboutUsViewController.swift */; };
		0C108BD42037052100B0E896 /* ContactUsViewController.swift in Sources */ = {isa = PBXBuildFile; fileRef = 0C108BD32037052100B0E896 /* ContactUsViewController.swift */; };
		0C108BD820371AFF00B0E896 /* CategorySelectionViewControllerGenerator.swift in Sources */ = {isa = PBXBuildFile; fileRef = 0C108BD720371AFF00B0E896 /* CategorySelectionViewControllerGenerator.swift */; };
		0C108BDC2037215700B0E896 /* ContactUsViewController.xib in Resources */ = {isa = PBXBuildFile; fileRef = 0C108BDB2037215700B0E896 /* ContactUsViewController.xib */; };
		0C1884902035CA9100D69578 /* CategorySelectionViewController.swift in Sources */ = {isa = PBXBuildFile; fileRef = 0C18848F2035CA9100D69578 /* CategorySelectionViewController.swift */; };
		0C1884932035CCD800D69578 /* BaseViewController.swift in Sources */ = {isa = PBXBuildFile; fileRef = 0C1884922035CCD800D69578 /* BaseViewController.swift */; };
		0C1884952035CF1900D69578 /* Global.swift in Sources */ = {isa = PBXBuildFile; fileRef = 0C1884942035CF1900D69578 /* Global.swift */; };
		0C45CEE0203EE95C00A2D9EE /* StringTable.swift in Sources */ = {isa = PBXBuildFile; fileRef = 0C45CEDF203EE95C00A2D9EE /* StringTable.swift */; };
		0C7C4F64203B14BA008DA6E1 /* AboutUsViewController.xib in Resources */ = {isa = PBXBuildFile; fileRef = 0C7C4F63203B14BA008DA6E1 /* AboutUsViewController.xib */; };
		0C7C7524203D8AB300B18988 /* LaunchScreen.storyboard in Resources */ = {isa = PBXBuildFile; fileRef = 0C7C7522203D8AB300B18988 /* LaunchScreen.storyboard */; };
		0C7C7525203D8AB300B18988 /* Main.storyboard in Resources */ = {isa = PBXBuildFile; fileRef = 0C7C7523203D8AB300B18988 /* Main.storyboard */; };
		0C7C7527203D911A00B18988 /* LocalizationManager.swift in Sources */ = {isa = PBXBuildFile; fileRef = 0C7C7526203D911A00B18988 /* LocalizationManager.swift */; };
		0C896466203319370076CCCD /* AppDelegate.swift in Sources */ = {isa = PBXBuildFile; fileRef = 0C896465203319370076CCCD /* AppDelegate.swift */; };
		0C89646D203319370076CCCD /* Assets.xcassets in Resources */ = {isa = PBXBuildFile; fileRef = 0C89646C203319370076CCCD /* Assets.xcassets */; };
		0C8C66FD203AE31C008BD12D /* UIView+LayoutConstraints.swift in Sources */ = {isa = PBXBuildFile; fileRef = 0C8C66FC203AE31C008BD12D /* UIView+LayoutConstraints.swift */; };
/* End PBXBuildFile section */

/* Begin PBXFileReference section */
		0C108BD1203704CC00B0E896 /* AboutUsViewController.swift */ = {isa = PBXFileReference; lastKnownFileType = sourcecode.swift; path = AboutUsViewController.swift; sourceTree = "<group>"; };
		0C108BD32037052100B0E896 /* ContactUsViewController.swift */ = {isa = PBXFileReference; lastKnownFileType = sourcecode.swift; path = ContactUsViewController.swift; sourceTree = "<group>"; };
		0C108BD720371AFF00B0E896 /* CategorySelectionViewControllerGenerator.swift */ = {isa = PBXFileReference; lastKnownFileType = sourcecode.swift; path = CategorySelectionViewControllerGenerator.swift; sourceTree = "<group>"; };
		0C108BDB2037215700B0E896 /* ContactUsViewController.xib */ = {isa = PBXFileReference; lastKnownFileType = file.xib; path = ContactUsViewController.xib; sourceTree = "<group>"; };
		0C18848F2035CA9100D69578 /* CategorySelectionViewController.swift */ = {isa = PBXFileReference; lastKnownFileType = sourcecode.swift; path = CategorySelectionViewController.swift; sourceTree = "<group>"; };
		0C1884922035CCD800D69578 /* BaseViewController.swift */ = {isa = PBXFileReference; lastKnownFileType = sourcecode.swift; path = BaseViewController.swift; sourceTree = "<group>"; };
		0C1884942035CF1900D69578 /* Global.swift */ = {isa = PBXFileReference; lastKnownFileType = sourcecode.swift; path = Global.swift; sourceTree = "<group>"; };
		0C45CEDF203EE95C00A2D9EE /* StringTable.swift */ = {isa = PBXFileReference; lastKnownFileType = sourcecode.swift; path = StringTable.swift; sourceTree = "<group>"; };
		0C7C4F63203B14BA008DA6E1 /* AboutUsViewController.xib */ = {isa = PBXFileReference; fileEncoding = 4; lastKnownFileType = file.xib; path = AboutUsViewController.xib; sourceTree = "<group>"; };
		0C7C7522203D8AB300B18988 /* LaunchScreen.storyboard */ = {isa = PBXFileReference; fileEncoding = 4; lastKnownFileType = file.storyboard; path = LaunchScreen.storyboard; sourceTree = "<group>"; };
		0C7C7523203D8AB300B18988 /* Main.storyboard */ = {isa = PBXFileReference; fileEncoding = 4; lastKnownFileType = file.storyboard; path = Main.storyboard; sourceTree = "<group>"; };
		0C7C7526203D911A00B18988 /* LocalizationManager.swift */ = {isa = PBXFileReference; lastKnownFileType = sourcecode.swift; path = LocalizationManager.swift; sourceTree = "<group>"; };
		0C896462203319370076CCCD /* Trial.app */ = {isa = PBXFileReference; explicitFileType = wrapper.application; includeInIndex = 0; path = Trial.app; sourceTree = BUILT_PRODUCTS_DIR; };
		0C896465203319370076CCCD /* AppDelegate.swift */ = {isa = PBXFileReference; lastKnownFileType = sourcecode.swift; path = AppDelegate.swift; sourceTree = "<group>"; };
		0C89646C203319370076CCCD /* Assets.xcassets */ = {isa = PBXFileReference; lastKnownFileType = folder.assetcatalog; path = Assets.xcassets; sourceTree = "<group>"; };
		0C896471203319370076CCCD /* Info.plist */ = {isa = PBXFileReference; lastKnownFileType = text.plist.xml; path = Info.plist; sourceTree = "<group>"; };
		0C8C66FC203AE31C008BD12D /* UIView+LayoutConstraints.swift */ = {isa = PBXFileReference; lastKnownFileType = sourcecode.swift; path = "UIView+LayoutConstraints.swift"; sourceTree = "<group>"; };
/* End PBXFileReference section */

/* Begin PBXFrameworksBuildPhase section */
		0C89645F203319370076CCCD /* Frameworks */ = {
			isa = PBXFrameworksBuildPhase;
			buildActionMask = 2147483647;
			files = (
			);
			runOnlyForDeploymentPostprocessing = 0;
		};
/* End PBXFrameworksBuildPhase section */

/* Begin PBXGroup section */
		0C108BCF2036F53500B0E896 /* About Us */ = {
			isa = PBXGroup;
			children = (
				0C108BD1203704CC00B0E896 /* AboutUsViewController.swift */,
				0C7C4F63203B14BA008DA6E1 /* AboutUsViewController.xib */,
			);
			path = "About Us";
			sourceTree = "<group>";
		};
		0C108BD02036F59300B0E896 /* Contact Us */ = {
			isa = PBXGroup;
			children = (
				0C108BD32037052100B0E896 /* ContactUsViewController.swift */,
				0C108BDB2037215700B0E896 /* ContactUsViewController.xib */,
			);
			path = "Contact Us";
			sourceTree = "<group>";
		};
		0C1884852035B44C00D69578 /* Storyboards */ = {
			isa = PBXGroup;
			children = (
				0C7C7522203D8AB300B18988 /* LaunchScreen.storyboard */,
				0C7C7523203D8AB300B18988 /* Main.storyboard */,
			);
			path = Storyboards;
			sourceTree = "<group>";
		};
		0C1884862035B48E00D69578 /* Resources */ = {
			isa = PBXGroup;
			children = (
				0C89646C203319370076CCCD /* Assets.xcassets */,
				0C896471203319370076CCCD /* Info.plist */,
			);
			path = Resources;
			sourceTree = "<group>";
		};
		0C1884872035B78F00D69578 /* Scenes */ = {
			isa = PBXGroup;
			children = (
				0C1884882035B7AA00D69578 /* Main */,
			);
			path = Scenes;
			sourceTree = "<group>";
		};
		0C1884882035B7AA00D69578 /* Main */ = {
			isa = PBXGroup;
			children = (
				0C18848F2035CA9100D69578 /* CategorySelectionViewController.swift */,
				0C108BD720371AFF00B0E896 /* CategorySelectionViewControllerGenerator.swift */,
				0C108BCF2036F53500B0E896 /* About Us */,
				0C108BD02036F59300B0E896 /* Contact Us */,
			);
			path = Main;
			sourceTree = "<group>";
		};
		0C1884912035CCAE00D69578 /* Base */ = {
			isa = PBXGroup;
			children = (
				0C1884922035CCD800D69578 /* BaseViewController.swift */,
			);
			path = Base;
			sourceTree = "<group>";
		};
		0C462DF5203DB30B00EB1364 /* Localization */ = {
			isa = PBXGroup;
			children = (
				0C7C7526203D911A00B18988 /* LocalizationManager.swift */,
				0C45CEDF203EE95C00A2D9EE /* StringTable.swift */,
			);
			path = Localization;
			sourceTree = "<group>";
		};
		0C896459203319370076CCCD = {
			isa = PBXGroup;
			children = (
				0C896464203319370076CCCD /* Trial */,
				0C896463203319370076CCCD /* Products */,
			);
			sourceTree = "<group>";
		};
		0C896463203319370076CCCD /* Products */ = {
			isa = PBXGroup;
			children = (
				0C896462203319370076CCCD /* Trial.app */,
			);
			name = Products;
			sourceTree = "<group>";
		};
		0C896464203319370076CCCD /* Trial */ = {
			isa = PBXGroup;
			children = (
				0C462DF5203DB30B00EB1364 /* Localization */,
				0C896465203319370076CCCD /* AppDelegate.swift */,
				0C1884942035CF1900D69578 /* Global.swift */,
				0C1884912035CCAE00D69578 /* Base */,
				0C1884852035B44C00D69578 /* Storyboards */,
				0C1884872035B78F00D69578 /* Scenes */,
				0C8C66FB203AE2C6008BD12D /* Additions */,
				0C1884862035B48E00D69578 /* Resources */,
			);
			path = Trial;
			sourceTree = "<group>";
		};
		0C8C66FB203AE2C6008BD12D /* Additions */ = {
			isa = PBXGroup;
			children = (
				0C8C66FC203AE31C008BD12D /* UIView+LayoutConstraints.swift */,
			);
			path = Additions;
			sourceTree = "<group>";
		};
/* End PBXGroup section */

/* Begin PBXNativeTarget section */
		0C896461203319370076CCCD /* Trial */ = {
			isa = PBXNativeTarget;
			buildConfigurationList = 0C896474203319370076CCCD /* Build configuration list for PBXNativeTarget "Trial" */;
			buildPhases = (
				0C89645E203319370076CCCD /* Sources */,
				0C89645F203319370076CCCD /* Frameworks */,
				0C896460203319370076CCCD /* Resources */,
			);
			buildRules = (
			);
			dependencies = (
			);
			name = Trial;
			productName = Trial;
			productReference = 0C896462203319370076CCCD /* Trial.app */;
			productType = "com.apple.product-type.application";
		};
/* End PBXNativeTarget section */

/* Begin PBXProject section */
		0C89645A203319370076CCCD /* Project object */ = {
			isa = PBXProject;
			attributes = {
				LastSwiftUpdateCheck = 0910;
				LastUpgradeCheck = 0910;
				TargetAttributes = {
					0C896461203319370076CCCD = {
						CreatedOnToolsVersion = 9.1;
						ProvisioningStyle = Automatic;
					};
				};
			};
			buildConfigurationList = 0C89645D203319370076CCCD /* Build configuration list for PBXProject "Trial" */;
			compatibilityVersion = "Xcode 8.0";
			developmentRegion = en;
			hasScannedForEncodings = 0;
			knownRegions = (
				en,
				Base,
				tr,
			);
			mainGroup = 0C896459203319370076CCCD;
			productRefGroup = 0C896463203319370076CCCD /* Products */;
			projectDirPath = "";
			projectRoot = "";
			targets = (
				0C896461203319370076CCCD /* Trial */,
			);
		};
/* End PBXProject section */

/* Begin PBXResourcesBuildPhase section */
		0C896460203319370076CCCD /* Resources */ = {
			isa = PBXResourcesBuildPhase;
			buildActionMask = 2147483647;
			files = (
				0C7C4F64203B14BA008DA6E1 /* AboutUsViewController.xib in Resources */,
				0C7C7525203D8AB300B18988 /* Main.storyboard in Resources */,
				0C7C7524203D8AB300B18988 /* LaunchScreen.storyboard in Resources */,
				0C108BDC2037215700B0E896 /* ContactUsViewController.xib in Resources */,
				0C89646D203319370076CCCD /* Assets.xcassets in Resources */,
			);
			runOnlyForDeploymentPostprocessing = 0;
		};
/* End PBXResourcesBuildPhase section */

/* Begin PBXSourcesBuildPhase section */
		0C89645E203319370076CCCD /* Sources */ = {
			isa = PBXSourcesBuildPhase;
			buildActionMask = 2147483647;
			files = (
				0C108BD2203704CC00B0E896 /* AboutUsViewController.swift in Sources */,
				0C1884952035CF1900D69578 /* Global.swift in Sources */,
				0C7C7527203D911A00B18988 /* LocalizationManager.swift in Sources */,
				0C1884902035CA9100D69578 /* CategorySelectionViewController.swift in Sources */,
				0C8C66FD203AE31C008BD12D /* UIView+LayoutConstraints.swift in Sources */,
				0C108BD820371AFF00B0E896 /* CategorySelectionViewControllerGenerator.swift in Sources */,
				0C896466203319370076CCCD /* AppDelegate.swift in Sources */,
				0C45CEE0203EE95C00A2D9EE /* StringTable.swift in Sources */,
				0C1884932035CCD800D69578 /* BaseViewController.swift in Sources */,
				0C108BD42037052100B0E896 /* ContactUsViewController.swift in Sources */,
			);
			runOnlyForDeploymentPostprocessing = 0;
		};
/* End PBXSourcesBuildPhase section */

/* Begin XCBuildConfiguration section */
		0C896472203319370076CCCD /* Debug */ = {
			isa = XCBuildConfiguration;
			buildSettings = {
				ALWAYS_SEARCH_USER_PATHS = NO;
				CLANG_ANALYZER_LOCALIZABILITY_NONLOCALIZED = YES;
				CLANG_ANALYZER_NONNULL = YES;
				CLANG_ANALYZER_NUMBER_OBJECT_CONVERSION = YES_AGGRESSIVE;
				CLANG_CXX_LANGUAGE_STANDARD = "gnu++14";
				CLANG_CXX_LIBRARY = "libc++";
				CLANG_ENABLE_MODULES = YES;
				CLANG_ENABLE_OBJC_ARC = YES;
				CLANG_WARN_BLOCK_CAPTURE_AUTORELEASING = YES;
				CLANG_WARN_BOOL_CONVERSION = YES;
				CLANG_WARN_COMMA = YES;
				CLANG_WARN_CONSTANT_CONVERSION = YES;
				CLANG_WARN_DIRECT_OBJC_ISA_USAGE = YES_ERROR;
				CLANG_WARN_DOCUMENTATION_COMMENTS = YES;
				CLANG_WARN_EMPTY_BODY = YES;
				CLANG_WARN_ENUM_CONVERSION = YES;
				CLANG_WARN_INFINITE_RECURSION = YES;
				CLANG_WARN_INT_CONVERSION = YES;
				CLANG_WARN_NON_LITERAL_NULL_CONVERSION = YES;
				CLANG_WARN_OBJC_LITERAL_CONVERSION = YES;
				CLANG_WARN_OBJC_ROOT_CLASS = YES_ERROR;
				CLANG_WARN_RANGE_LOOP_ANALYSIS = YES;
				CLANG_WARN_STRICT_PROTOTYPES = YES;
				CLANG_WARN_SUSPICIOUS_MOVE = YES;
				CLANG_WARN_UNGUARDED_AVAILABILITY = YES_AGGRESSIVE;
				CLANG_WARN_UNREACHABLE_CODE = YES;
				CLANG_WARN__DUPLICATE_METHOD_MATCH = YES;
				CODE_SIGN_IDENTITY = "iPhone Developer";
				COPY_PHASE_STRIP = NO;
				DEBUG_INFORMATION_FORMAT = dwarf;
				ENABLE_STRICT_OBJC_MSGSEND = YES;
				ENABLE_TESTABILITY = YES;
				GCC_C_LANGUAGE_STANDARD = gnu11;
				GCC_DYNAMIC_NO_PIC = NO;
				GCC_NO_COMMON_BLOCKS = YES;
				GCC_OPTIMIZATION_LEVEL = 0;
				GCC_PREPROCESSOR_DEFINITIONS = (
					"DEBUG=1",
					"$(inherited)",
				);
				GCC_WARN_64_TO_32_BIT_CONVERSION = YES;
				GCC_WARN_ABOUT_RETURN_TYPE = YES_ERROR;
				GCC_WARN_UNDECLARED_SELECTOR = YES;
				GCC_WARN_UNINITIALIZED_AUTOS = YES_AGGRESSIVE;
				GCC_WARN_UNUSED_FUNCTION = YES;
				GCC_WARN_UNUSED_VARIABLE = YES;
				IPHONEOS_DEPLOYMENT_TARGET = 11.1;
				MTL_ENABLE_DEBUG_INFO = YES;
				ONLY_ACTIVE_ARCH = YES;
				SDKROOT = iphoneos;
				SWIFT_ACTIVE_COMPILATION_CONDITIONS = DEBUG;
				SWIFT_OPTIMIZATION_LEVEL = "-Onone";
			};
			name = Debug;
		};
		0C896473203319370076CCCD /* Release */ = {
			isa = XCBuildConfiguration;
			buildSettings = {
				ALWAYS_SEARCH_USER_PATHS = NO;
				CLANG_ANALYZER_LOCALIZABILITY_NONLOCALIZED = YES;
				CLANG_ANALYZER_NONNULL = YES;
				CLANG_ANALYZER_NUMBER_OBJECT_CONVERSION = YES_AGGRESSIVE;
				CLANG_CXX_LANGUAGE_STANDARD = "gnu++14";
				CLANG_CXX_LIBRARY = "libc++";
				CLANG_ENABLE_MODULES = YES;
				CLANG_ENABLE_OBJC_ARC = YES;
				CLANG_WARN_BLOCK_CAPTURE_AUTORELEASING = YES;
				CLANG_WARN_BOOL_CONVERSION = YES;
				CLANG_WARN_COMMA = YES;
				CLANG_WARN_CONSTANT_CONVERSION = YES;
				CLANG_WARN_DIRECT_OBJC_ISA_USAGE = YES_ERROR;
				CLANG_WARN_DOCUMENTATION_COMMENTS = YES;
				CLANG_WARN_EMPTY_BODY = YES;
				CLANG_WARN_ENUM_CONVERSION = YES;
				CLANG_WARN_INFINITE_RECURSION = YES;
				CLANG_WARN_INT_CONVERSION = YES;
				CLANG_WARN_NON_LITERAL_NULL_CONVERSION = YES;
				CLANG_WARN_OBJC_LITERAL_CONVERSION = YES;
				CLANG_WARN_OBJC_ROOT_CLASS = YES_ERROR;
				CLANG_WARN_RANGE_LOOP_ANALYSIS = YES;
				CLANG_WARN_STRICT_PROTOTYPES = YES;
				CLANG_WARN_SUSPICIOUS_MOVE = YES;
				CLANG_WARN_UNGUARDED_AVAILABILITY = YES_AGGRESSIVE;
				CLANG_WARN_UNREACHABLE_CODE = YES;
				CLANG_WARN__DUPLICATE_METHOD_MATCH = YES;
				CODE_SIGN_IDENTITY = "iPhone Developer";
				COPY_PHASE_STRIP = NO;
				DEBUG_INFORMATION_FORMAT = "dwarf-with-dsym";
				ENABLE_NS_ASSERTIONS = NO;
				ENABLE_STRICT_OBJC_MSGSEND = YES;
				GCC_C_LANGUAGE_STANDARD = gnu11;
				GCC_NO_COMMON_BLOCKS = YES;
				GCC_WARN_64_TO_32_BIT_CONVERSION = YES;
				GCC_WARN_ABOUT_RETURN_TYPE = YES_ERROR;
				GCC_WARN_UNDECLARED_SELECTOR = YES;
				GCC_WARN_UNINITIALIZED_AUTOS = YES_AGGRESSIVE;
				GCC_WARN_UNUSED_FUNCTION = YES;
				GCC_WARN_UNUSED_VARIABLE = YES;
				IPHONEOS_DEPLOYMENT_TARGET = 11.1;
				MTL_ENABLE_DEBUG_INFO = NO;
				SDKROOT = iphoneos;
				SWIFT_OPTIMIZATION_LEVEL = "-Owholemodule";
				VALIDATE_PRODUCT = YES;
			};
			name = Release;
		};
		0C896475203319370076CCCD /* Debug */ = {
			isa = XCBuildConfiguration;
			buildSettings = {
				ASSETCATALOG_COMPILER_APPICON_NAME = AppIcon;
				CODE_SIGN_STYLE = Automatic;
				INFOPLIST_FILE = Trial/Resources/Info.plist;
				LD_RUNPATH_SEARCH_PATHS = "$(inherited) @executable_path/Frameworks";
				PRODUCT_BUNDLE_IDENTIFIER = com.tornaEnt.Trial;
				PRODUCT_NAME = "$(TARGET_NAME)";
				SWIFT_VERSION = 4.0;
				TARGETED_DEVICE_FAMILY = "1,2";
			};
			name = Debug;
		};
		0C896476203319370076CCCD /* Release */ = {
			isa = XCBuildConfiguration;
			buildSettings = {
				ASSETCATALOG_COMPILER_APPICON_NAME = AppIcon;
				CODE_SIGN_STYLE = Automatic;
				INFOPLIST_FILE = Trial/Resources/Info.plist;
				LD_RUNPATH_SEARCH_PATHS = "$(inherited) @executable_path/Frameworks";
				PRODUCT_BUNDLE_IDENTIFIER = com.tornaEnt.Trial;
				PRODUCT_NAME = "$(TARGET_NAME)";
				SWIFT_VERSION = 4.0;
				TARGETED_DEVICE_FAMILY = "1,2";
			};
			name = Release;
		};
/* End XCBuildConfiguration section */

/* Begin XCConfigurationList section */
		0C89645D203319370076CCCD /* Build configuration list for PBXProject "Trial" */ = {
			isa = XCConfigurationList;
			buildConfigurations = (
				0C896472203319370076CCCD /* Debug */,
				0C896473203319370076CCCD /* Release */,
			);
			defaultConfigurationIsVisible = 0;
			defaultConfigurationName = Release;
		};
		0C896474203319370076CCCD /* Build configuration list for PBXNativeTarget "Trial" */ = {
			isa = XCConfigurationList;
			buildConfigurations = (
				0C896475203319370076CCCD /* Debug */,
				0C896476203319370076CCCD /* Release */,
			);
			defaultConfigurationIsVisible = 0;
			defaultConfigurationName = Release;
		};
/* End XCConfigurationList section */
	};
	rootObject = 0C89645A203319370076CCCD /* Project object */;
}
